
Microsoft Visual Studio Solution File, Format Version 12.00
# Visual Studio Version 17
VisualStudioVersion = 17.5.002.0
MinimumVisualStudioVersion = 10.0.40219.1
Project("{9A19103F-16F7-4668-BE54-9A1E7A4F7556}") = "project.net11", "project.net11.csproj", "{8910438F-CB6E-41C1-A2BB-575BB2FE7D43}"
EndProject
Global
	GlobalSection(SolutionConfigurationPlatforms) = preSolution
		Debug|Any CPU = Debug|Any CPU
		Release|Any CPU = Release|Any CPU
	EndGlobalSection
	GlobalSection(ProjectConfigurationPlatforms) = postSolution
		{8910438F-CB6E-41C1-A2BB-575BB2FE7D43}.Debug|Any CPU.ActiveCfg = Debug|Any CPU
		{8910438F-CB6E-41C1-A2BB-575BB2FE7D43}.Debug|Any CPU.Build.0 = Debug|Any CPU
		{8910438F-CB6E-41C1-A2BB-575BB2FE7D43}.Release|Any CPU.ActiveCfg = Release|Any CPU
		{8910438F-CB6E-41C1-A2BB-575BB2FE7D43}.Release|Any CPU.Build.0 = Release|Any CPU
	EndGlobalSection
	GlobalSection(SolutionProperties) = preSolution
		HideSolutionNode = FALSE
	EndGlobalSection
	GlobalSection(ExtensibilityGlobals) = postSolution
		SolutionGuid = {F6F31BD6-A103-4EFD-93A7-3A6EFE03C50C}
	EndGlobalSection
EndGlobal
